
Microsoft Visual Studio Solution File, Format Version 12.00
# Visual Studio 15
VisualStudioVersion = 15.0.28307.271
MinimumVisualStudioVersion = 10.0.40219.1
Project("{FAE04EC0-301F-11D3-BF4B-00C04F79EFBC}") = "Dynamic_Sql_demo", "Dynamic_Sql_demo\Dynamic_Sql_demo.csproj", "{01C8E806-4A30-4AFC-A854-7910E3F3D29C}"
EndProject
Global
	GlobalSection(SolutionConfigurationPlatforms) = preSolution
		Debug|Any CPU = Debug|Any CPU
		Release|Any CPU = Release|Any CPU
	EndGlobalSection
	GlobalSection(ProjectConfigurationPlatforms) = postSolution
		{01C8E806-4A30-4AFC-A854-7910E3F3D29C}.Debug|Any CPU.ActiveCfg = Debug|Any CPU
		{01C8E806-4A30-4AFC-A854-7910E3F3D29C}.Debug|Any CPU.Build.0 = Debug|Any CPU
		{01C8E806-4A30-4AFC-A854-7910E3F3D29C}.Release|Any CPU.ActiveCfg = Release|Any CPU
		{01C8E806-4A30-4AFC-A854-7910E3F3D29C}.Release|Any CPU.Build.0 = Release|Any CPU
	EndGlobalSection
	GlobalSection(SolutionProperties) = preSolution
		HideSolutionNode = FALSE
	EndGlobalSection
	GlobalSection(ExtensibilityGlobals) = postSolution
		SolutionGuid = {2F25E1B5-D9FA-4CEB-BE60-DFF5355F3B28}
	EndGlobalSection
EndGlobal
