
Microsoft Visual Studio Solution File, Format Version 12.00
# Visual Studio 15
VisualStudioVersion = 15.0.28010.2016
MinimumVisualStudioVersion = 10.0.40219.1
Project("{FAE04EC0-301F-11D3-BF4B-00C04F79EFBC}") = "01___DataBindingExample", "01___DataBindingExample\01___DataBindingExample.csproj", "{150DFE15-2EC3-4A93-84F0-23BA50F6E608}"
EndProject
Global
	GlobalSection(SolutionConfigurationPlatforms) = preSolution
		Debug|Any CPU = Debug|Any CPU
		Release|Any CPU = Release|Any CPU
	EndGlobalSection
	GlobalSection(ProjectConfigurationPlatforms) = postSolution
		{150DFE15-2EC3-4A93-84F0-23BA50F6E608}.Debug|Any CPU.ActiveCfg = Debug|Any CPU
		{150DFE15-2EC3-4A93-84F0-23BA50F6E608}.Debug|Any CPU.Build.0 = Debug|Any CPU
		{150DFE15-2EC3-4A93-84F0-23BA50F6E608}.Release|Any CPU.ActiveCfg = Release|Any CPU
		{150DFE15-2EC3-4A93-84F0-23BA50F6E608}.Release|Any CPU.Build.0 = Release|Any CPU
	EndGlobalSection
	GlobalSection(SolutionProperties) = preSolution
		HideSolutionNode = FALSE
	EndGlobalSection
	GlobalSection(ExtensibilityGlobals) = postSolution
		SolutionGuid = {676C3770-374D-4BED-B04D-0C25BE994435}
	EndGlobalSection
EndGlobal
