
Microsoft Visual Studio Solution File, Format Version 12.00
# Visual Studio 15
VisualStudioVersion = 15.0.28010.2050
MinimumVisualStudioVersion = 10.0.40219.1
Project("{FAE04EC0-301F-11D3-BF4B-00C04F79EFBC}") = "Thread_protect_resources", "Thread_protect_resources\Thread_protect_resources.csproj", "{5BA7FE72-0211-45BA-9BA4-98F82B489357}"
EndProject
Global
	GlobalSection(SolutionConfigurationPlatforms) = preSolution
		Debug|Any CPU = Debug|Any CPU
		Release|Any CPU = Release|Any CPU
	EndGlobalSection
	GlobalSection(ProjectConfigurationPlatforms) = postSolution
		{5BA7FE72-0211-45BA-9BA4-98F82B489357}.Debug|Any CPU.ActiveCfg = Debug|Any CPU
		{5BA7FE72-0211-45BA-9BA4-98F82B489357}.Debug|Any CPU.Build.0 = Debug|Any CPU
		{5BA7FE72-0211-45BA-9BA4-98F82B489357}.Release|Any CPU.ActiveCfg = Release|Any CPU
		{5BA7FE72-0211-45BA-9BA4-98F82B489357}.Release|Any CPU.Build.0 = Release|Any CPU
	EndGlobalSection
	GlobalSection(SolutionProperties) = preSolution
		HideSolutionNode = FALSE
	EndGlobalSection
	GlobalSection(ExtensibilityGlobals) = postSolution
		SolutionGuid = {81B81A79-82EA-4590-8E3B-FFB61791349A}
	EndGlobalSection
EndGlobal
