
Microsoft Visual Studio Solution File, Format Version 12.00
# Visual Studio 15
VisualStudioVersion = 15.0.28010.2050
MinimumVisualStudioVersion = 10.0.40219.1
Project("{FAE04EC0-301F-11D3-BF4B-00C04F79EFBC}") = "CustomArraySort", "CustomArraySort\CustomArraySort.csproj", "{48E9891C-88A3-4125-A08F-029F493EFB52}"
EndProject
Global
	GlobalSection(SolutionConfigurationPlatforms) = preSolution
		Debug|Any CPU = Debug|Any CPU
		Release|Any CPU = Release|Any CPU
	EndGlobalSection
	GlobalSection(ProjectConfigurationPlatforms) = postSolution
		{48E9891C-88A3-4125-A08F-029F493EFB52}.Debug|Any CPU.ActiveCfg = Debug|Any CPU
		{48E9891C-88A3-4125-A08F-029F493EFB52}.Debug|Any CPU.Build.0 = Debug|Any CPU
		{48E9891C-88A3-4125-A08F-029F493EFB52}.Release|Any CPU.ActiveCfg = Release|Any CPU
		{48E9891C-88A3-4125-A08F-029F493EFB52}.Release|Any CPU.Build.0 = Release|Any CPU
	EndGlobalSection
	GlobalSection(SolutionProperties) = preSolution
		HideSolutionNode = FALSE
	EndGlobalSection
	GlobalSection(ExtensibilityGlobals) = postSolution
		SolutionGuid = {8B1A6D63-3CDB-4290-8A8B-AAAB7FB0B707}
	EndGlobalSection
EndGlobal
