
Microsoft Visual Studio Solution File, Format Version 12.00
# Visual Studio 15
VisualStudioVersion = 15.0.28010.2050
MinimumVisualStudioVersion = 10.0.40219.1
Project("{FAE04EC0-301F-11D3-BF4B-00C04F79EFBC}") = "FileCounter", "FileCounter\FileCounter.csproj", "{77E845EC-9C95-416A-999E-F3EA9438717D}"
EndProject
Global
	GlobalSection(SolutionConfigurationPlatforms) = preSolution
		Debug|Any CPU = Debug|Any CPU
		Release|Any CPU = Release|Any CPU
	EndGlobalSection
	GlobalSection(ProjectConfigurationPlatforms) = postSolution
		{77E845EC-9C95-416A-999E-F3EA9438717D}.Debug|Any CPU.ActiveCfg = Debug|Any CPU
		{77E845EC-9C95-416A-999E-F3EA9438717D}.Debug|Any CPU.Build.0 = Debug|Any CPU
		{77E845EC-9C95-416A-999E-F3EA9438717D}.Release|Any CPU.ActiveCfg = Release|Any CPU
		{77E845EC-9C95-416A-999E-F3EA9438717D}.Release|Any CPU.Build.0 = Release|Any CPU
	EndGlobalSection
	GlobalSection(SolutionProperties) = preSolution
		HideSolutionNode = FALSE
	EndGlobalSection
	GlobalSection(ExtensibilityGlobals) = postSolution
		SolutionGuid = {A21E9690-527E-4AE4-8783-3AF2909A4310}
	EndGlobalSection
EndGlobal
