
Microsoft Visual Studio Solution File, Format Version 12.00
# Visual Studio 15
VisualStudioVersion = 15.0.27703.2047
MinimumVisualStudioVersion = 10.0.40219.1
Project("{FAE04EC0-301F-11D3-BF4B-00C04F79EFBC}") = "01___PasswordGenerator", "01___PasswordGenerator\01___PasswordGenerator.csproj", "{7AC5A061-493A-492B-B1DA-BC90691A3F06}"
EndProject
Project("{FAE04EC0-301F-11D3-BF4B-00C04F79EFBC}") = "02___Char'sTransformation", "02___Char'sTransformation\02___Char'sTransformation.csproj", "{A8BBF667-65D2-4BD4-AFB7-EDBA799C480D}"
EndProject
Global
	GlobalSection(SolutionConfigurationPlatforms) = preSolution
		Debug|Any CPU = Debug|Any CPU
		Release|Any CPU = Release|Any CPU
	EndGlobalSection
	GlobalSection(ProjectConfigurationPlatforms) = postSolution
		{7AC5A061-493A-492B-B1DA-BC90691A3F06}.Debug|Any CPU.ActiveCfg = Debug|Any CPU
		{7AC5A061-493A-492B-B1DA-BC90691A3F06}.Debug|Any CPU.Build.0 = Debug|Any CPU
		{7AC5A061-493A-492B-B1DA-BC90691A3F06}.Release|Any CPU.ActiveCfg = Release|Any CPU
		{7AC5A061-493A-492B-B1DA-BC90691A3F06}.Release|Any CPU.Build.0 = Release|Any CPU
		{A8BBF667-65D2-4BD4-AFB7-EDBA799C480D}.Debug|Any CPU.ActiveCfg = Debug|Any CPU
		{A8BBF667-65D2-4BD4-AFB7-EDBA799C480D}.Debug|Any CPU.Build.0 = Debug|Any CPU
		{A8BBF667-65D2-4BD4-AFB7-EDBA799C480D}.Release|Any CPU.ActiveCfg = Release|Any CPU
		{A8BBF667-65D2-4BD4-AFB7-EDBA799C480D}.Release|Any CPU.Build.0 = Release|Any CPU
	EndGlobalSection
	GlobalSection(SolutionProperties) = preSolution
		HideSolutionNode = FALSE
	EndGlobalSection
	GlobalSection(ExtensibilityGlobals) = postSolution
		SolutionGuid = {FA04874E-8524-43F6-938F-05ACEBDA3F17}
	EndGlobalSection
EndGlobal
