
Microsoft Visual Studio Solution File, Format Version 12.00
# Visual Studio 15
VisualStudioVersion = 15.0.28010.2016
MinimumVisualStudioVersion = 10.0.40219.1
Project("{FAE04EC0-301F-11D3-BF4B-00C04F79EFBC}") = "01___DapperDBApp", "01___DapperDBApp\01___DapperDBApp.csproj", "{5F8407E6-2C91-4E17-B90F-EC0F3C62AF26}"
EndProject
Global
	GlobalSection(SolutionConfigurationPlatforms) = preSolution
		Debug|Any CPU = Debug|Any CPU
		Release|Any CPU = Release|Any CPU
	EndGlobalSection
	GlobalSection(ProjectConfigurationPlatforms) = postSolution
		{5F8407E6-2C91-4E17-B90F-EC0F3C62AF26}.Debug|Any CPU.ActiveCfg = Debug|Any CPU
		{5F8407E6-2C91-4E17-B90F-EC0F3C62AF26}.Debug|Any CPU.Build.0 = Debug|Any CPU
		{5F8407E6-2C91-4E17-B90F-EC0F3C62AF26}.Release|Any CPU.ActiveCfg = Release|Any CPU
		{5F8407E6-2C91-4E17-B90F-EC0F3C62AF26}.Release|Any CPU.Build.0 = Release|Any CPU
	EndGlobalSection
	GlobalSection(SolutionProperties) = preSolution
		HideSolutionNode = FALSE
	EndGlobalSection
	GlobalSection(ExtensibilityGlobals) = postSolution
		SolutionGuid = {77EEEB53-2752-47F5-85A9-86FBC6B60560}
	EndGlobalSection
EndGlobal
