
Microsoft Visual Studio Solution File, Format Version 12.00
# Visual Studio 15
VisualStudioVersion = 15.0.27428.2027
MinimumVisualStudioVersion = 10.0.40219.1
Project("{9A19103F-16F7-4668-BE54-9A1E7A4F7556}") = "01___PBtaskExam", "01___PBtaskExam\01___PBtaskExam.csproj", "{3F38C0F5-2EFD-466A-A1E8-43DCD34B0656}"
EndProject
Project("{FAE04EC0-301F-11D3-BF4B-00C04F79EFBC}") = "02___PartialClassExample", "02___PartialClassExample\02___PartialClassExample.csproj", "{F79EFA7E-7144-4DAB-AA98-E08C3338DF26}"
EndProject
Global
	GlobalSection(SolutionConfigurationPlatforms) = preSolution
		Debug|Any CPU = Debug|Any CPU
		Release|Any CPU = Release|Any CPU
	EndGlobalSection
	GlobalSection(ProjectConfigurationPlatforms) = postSolution
		{3F38C0F5-2EFD-466A-A1E8-43DCD34B0656}.Debug|Any CPU.ActiveCfg = Debug|Any CPU
		{3F38C0F5-2EFD-466A-A1E8-43DCD34B0656}.Debug|Any CPU.Build.0 = Debug|Any CPU
		{3F38C0F5-2EFD-466A-A1E8-43DCD34B0656}.Release|Any CPU.ActiveCfg = Release|Any CPU
		{3F38C0F5-2EFD-466A-A1E8-43DCD34B0656}.Release|Any CPU.Build.0 = Release|Any CPU
		{F79EFA7E-7144-4DAB-AA98-E08C3338DF26}.Debug|Any CPU.ActiveCfg = Debug|Any CPU
		{F79EFA7E-7144-4DAB-AA98-E08C3338DF26}.Debug|Any CPU.Build.0 = Debug|Any CPU
		{F79EFA7E-7144-4DAB-AA98-E08C3338DF26}.Release|Any CPU.ActiveCfg = Release|Any CPU
		{F79EFA7E-7144-4DAB-AA98-E08C3338DF26}.Release|Any CPU.Build.0 = Release|Any CPU
	EndGlobalSection
	GlobalSection(SolutionProperties) = preSolution
		HideSolutionNode = FALSE
	EndGlobalSection
	GlobalSection(ExtensibilityGlobals) = postSolution
		SolutionGuid = {40CE38CF-3FCF-41A9-B0BA-10EBC0278180}
	EndGlobalSection
EndGlobal
