
Microsoft Visual Studio Solution File, Format Version 12.00
# Visual Studio 15
VisualStudioVersion = 15.0.28010.2016
MinimumVisualStudioVersion = 10.0.40219.1
Project("{FAE04EC0-301F-11D3-BF4B-00C04F79EFBC}") = "01___BindingControlToList", "01___BindingControlToList\01___BindingControlToList.csproj", "{B37EE38B-3FE6-48DE-82B9-6C195AB8612D}"
EndProject
Global
	GlobalSection(SolutionConfigurationPlatforms) = preSolution
		Debug|Any CPU = Debug|Any CPU
		Release|Any CPU = Release|Any CPU
	EndGlobalSection
	GlobalSection(ProjectConfigurationPlatforms) = postSolution
		{B37EE38B-3FE6-48DE-82B9-6C195AB8612D}.Debug|Any CPU.ActiveCfg = Debug|Any CPU
		{B37EE38B-3FE6-48DE-82B9-6C195AB8612D}.Debug|Any CPU.Build.0 = Debug|Any CPU
		{B37EE38B-3FE6-48DE-82B9-6C195AB8612D}.Release|Any CPU.ActiveCfg = Release|Any CPU
		{B37EE38B-3FE6-48DE-82B9-6C195AB8612D}.Release|Any CPU.Build.0 = Release|Any CPU
	EndGlobalSection
	GlobalSection(SolutionProperties) = preSolution
		HideSolutionNode = FALSE
	EndGlobalSection
	GlobalSection(ExtensibilityGlobals) = postSolution
		SolutionGuid = {8E022147-D667-462D-AD23-6ABB020034D7}
	EndGlobalSection
EndGlobal
