
Microsoft Visual Studio Solution File, Format Version 12.00
# Visual Studio 15
VisualStudioVersion = 15.0.28010.2016
MinimumVisualStudioVersion = 10.0.40219.1
Project("{FAE04EC0-301F-11D3-BF4B-00C04F79EFBC}") = "01___BindingControlTolist", "01___BindingControlTolist\01___BindingControlTolist.csproj", "{CFC8FFB4-F099-4DD3-B023-F0D72957D06A}"
EndProject
Global
	GlobalSection(SolutionConfigurationPlatforms) = preSolution
		Debug|Any CPU = Debug|Any CPU
		Release|Any CPU = Release|Any CPU
	EndGlobalSection
	GlobalSection(ProjectConfigurationPlatforms) = postSolution
		{CFC8FFB4-F099-4DD3-B023-F0D72957D06A}.Debug|Any CPU.ActiveCfg = Debug|Any CPU
		{CFC8FFB4-F099-4DD3-B023-F0D72957D06A}.Debug|Any CPU.Build.0 = Debug|Any CPU
		{CFC8FFB4-F099-4DD3-B023-F0D72957D06A}.Release|Any CPU.ActiveCfg = Release|Any CPU
		{CFC8FFB4-F099-4DD3-B023-F0D72957D06A}.Release|Any CPU.Build.0 = Release|Any CPU
	EndGlobalSection
	GlobalSection(SolutionProperties) = preSolution
		HideSolutionNode = FALSE
	EndGlobalSection
	GlobalSection(ExtensibilityGlobals) = postSolution
		SolutionGuid = {6EA3BB70-F54A-4738-AF5F-9A2D60955C5B}
	EndGlobalSection
EndGlobal
