
Microsoft Visual Studio Solution File, Format Version 12.00
# Visual Studio 15
VisualStudioVersion = 15.0.27428.2027
MinimumVisualStudioVersion = 10.0.40219.1
Project("{9A19103F-16F7-4668-BE54-9A1E7A4F7556}") = "01___First_Example", "01___First_Example\01___First_Example.csproj", "{BB02DD2D-D7ED-4ED9-AB07-2B3FFB40953C}"
EndProject
Project("{9A19103F-16F7-4668-BE54-9A1E7A4F7556}") = "02___Reflection_Speed", "02___Reflection_Speed\02___Reflection_Speed.csproj", "{708DB128-D366-403B-BD75-9A51F5459463}"
EndProject
Project("{9A19103F-16F7-4668-BE54-9A1E7A4F7556}") = "03___Couple_Examples_in_One", "03___Couple_Examples_in_One\03___Couple_Examples_in_One.csproj", "{3E8CB805-FD36-433A-B8B3-426895C412B1}"
EndProject
Project("{9A19103F-16F7-4668-BE54-9A1E7A4F7556}") = "04___Set_Value", "04___Set_Value\04___Set_Value.csproj", "{D87CCEA7-69C0-4186-8BB3-FFF4A67B8826}"
EndProject
Project("{FAE04EC0-301F-11D3-BF4B-00C04F79EFBC}") = "05___Invoke_Constructor", "05___Invoke_Constructor\05___Invoke_Constructor.csproj", "{97FAC2B9-1897-460A-AF3D-D2A7E71A4F8F}"
EndProject
Global
	GlobalSection(SolutionConfigurationPlatforms) = preSolution
		Debug|Any CPU = Debug|Any CPU
		Release|Any CPU = Release|Any CPU
	EndGlobalSection
	GlobalSection(ProjectConfigurationPlatforms) = postSolution
		{BB02DD2D-D7ED-4ED9-AB07-2B3FFB40953C}.Debug|Any CPU.ActiveCfg = Debug|Any CPU
		{BB02DD2D-D7ED-4ED9-AB07-2B3FFB40953C}.Debug|Any CPU.Build.0 = Debug|Any CPU
		{BB02DD2D-D7ED-4ED9-AB07-2B3FFB40953C}.Release|Any CPU.ActiveCfg = Release|Any CPU
		{BB02DD2D-D7ED-4ED9-AB07-2B3FFB40953C}.Release|Any CPU.Build.0 = Release|Any CPU
		{708DB128-D366-403B-BD75-9A51F5459463}.Debug|Any CPU.ActiveCfg = Debug|Any CPU
		{708DB128-D366-403B-BD75-9A51F5459463}.Debug|Any CPU.Build.0 = Debug|Any CPU
		{708DB128-D366-403B-BD75-9A51F5459463}.Release|Any CPU.ActiveCfg = Release|Any CPU
		{708DB128-D366-403B-BD75-9A51F5459463}.Release|Any CPU.Build.0 = Release|Any CPU
		{3E8CB805-FD36-433A-B8B3-426895C412B1}.Debug|Any CPU.ActiveCfg = Debug|Any CPU
		{3E8CB805-FD36-433A-B8B3-426895C412B1}.Debug|Any CPU.Build.0 = Debug|Any CPU
		{3E8CB805-FD36-433A-B8B3-426895C412B1}.Release|Any CPU.ActiveCfg = Release|Any CPU
		{3E8CB805-FD36-433A-B8B3-426895C412B1}.Release|Any CPU.Build.0 = Release|Any CPU
		{D87CCEA7-69C0-4186-8BB3-FFF4A67B8826}.Debug|Any CPU.ActiveCfg = Debug|Any CPU
		{D87CCEA7-69C0-4186-8BB3-FFF4A67B8826}.Debug|Any CPU.Build.0 = Debug|Any CPU
		{D87CCEA7-69C0-4186-8BB3-FFF4A67B8826}.Release|Any CPU.ActiveCfg = Release|Any CPU
		{D87CCEA7-69C0-4186-8BB3-FFF4A67B8826}.Release|Any CPU.Build.0 = Release|Any CPU
		{97FAC2B9-1897-460A-AF3D-D2A7E71A4F8F}.Debug|Any CPU.ActiveCfg = Debug|Any CPU
		{97FAC2B9-1897-460A-AF3D-D2A7E71A4F8F}.Debug|Any CPU.Build.0 = Debug|Any CPU
		{97FAC2B9-1897-460A-AF3D-D2A7E71A4F8F}.Release|Any CPU.ActiveCfg = Release|Any CPU
		{97FAC2B9-1897-460A-AF3D-D2A7E71A4F8F}.Release|Any CPU.Build.0 = Release|Any CPU
	EndGlobalSection
	GlobalSection(SolutionProperties) = preSolution
		HideSolutionNode = FALSE
	EndGlobalSection
	GlobalSection(ExtensibilityGlobals) = postSolution
		SolutionGuid = {178DFD1C-07E7-4334-9632-720F484FF931}
	EndGlobalSection
EndGlobal
