
Microsoft Visual Studio Solution File, Format Version 12.00
# Visual Studio 15
VisualStudioVersion = 15.0.28010.2050
MinimumVisualStudioVersion = 10.0.40219.1
Project("{FAE04EC0-301F-11D3-BF4B-00C04F79EFBC}") = "FileCunterV2", "FileCunterV2\FileCunterV2.csproj", "{2EB697A5-4925-46B9-878D-7AF2BADEB38B}"
EndProject
Global
	GlobalSection(SolutionConfigurationPlatforms) = preSolution
		Debug|Any CPU = Debug|Any CPU
		Release|Any CPU = Release|Any CPU
	EndGlobalSection
	GlobalSection(ProjectConfigurationPlatforms) = postSolution
		{2EB697A5-4925-46B9-878D-7AF2BADEB38B}.Debug|Any CPU.ActiveCfg = Debug|Any CPU
		{2EB697A5-4925-46B9-878D-7AF2BADEB38B}.Debug|Any CPU.Build.0 = Debug|Any CPU
		{2EB697A5-4925-46B9-878D-7AF2BADEB38B}.Release|Any CPU.ActiveCfg = Release|Any CPU
		{2EB697A5-4925-46B9-878D-7AF2BADEB38B}.Release|Any CPU.Build.0 = Release|Any CPU
	EndGlobalSection
	GlobalSection(SolutionProperties) = preSolution
		HideSolutionNode = FALSE
	EndGlobalSection
	GlobalSection(ExtensibilityGlobals) = postSolution
		SolutionGuid = {B41A91D2-2B4E-4B61-8206-495AF3C23756}
	EndGlobalSection
EndGlobal
