
Microsoft Visual Studio Solution File, Format Version 12.00
# Visual Studio 15
VisualStudioVersion = 15.0.28010.2016
MinimumVisualStudioVersion = 10.0.40219.1
Project("{FAE04EC0-301F-11D3-BF4B-00C04F79EFBC}") = "01___BindingAppWF", "01___BindingAppWF\01___BindingDataWindowsFormsApp.csproj", "{84915F0A-1E5B-4D6E-B80D-44CCBE13D6AB}"
EndProject
Global
	GlobalSection(SolutionConfigurationPlatforms) = preSolution
		Debug|Any CPU = Debug|Any CPU
		Release|Any CPU = Release|Any CPU
	EndGlobalSection
	GlobalSection(ProjectConfigurationPlatforms) = postSolution
		{84915F0A-1E5B-4D6E-B80D-44CCBE13D6AB}.Debug|Any CPU.ActiveCfg = Debug|Any CPU
		{84915F0A-1E5B-4D6E-B80D-44CCBE13D6AB}.Debug|Any CPU.Build.0 = Debug|Any CPU
		{84915F0A-1E5B-4D6E-B80D-44CCBE13D6AB}.Release|Any CPU.ActiveCfg = Release|Any CPU
		{84915F0A-1E5B-4D6E-B80D-44CCBE13D6AB}.Release|Any CPU.Build.0 = Release|Any CPU
	EndGlobalSection
	GlobalSection(SolutionProperties) = preSolution
		HideSolutionNode = FALSE
	EndGlobalSection
	GlobalSection(ExtensibilityGlobals) = postSolution
		SolutionGuid = {F99C3C0D-C523-4536-B009-D8290AB07E07}
	EndGlobalSection
EndGlobal
