
Microsoft Visual Studio Solution File, Format Version 12.00
# Visual Studio 15
VisualStudioVersion = 15.0.28010.2016
MinimumVisualStudioVersion = 10.0.40219.1
Project("{FAE04EC0-301F-11D3-BF4B-00C04F79EFBC}") = "01___SimpleDataGridTableExample", "01___SimpleDataGridTableExample\01___SimpleDataGridTableExample.csproj", "{B6218F87-B46D-4B40-BA1D-AF35571147F7}"
EndProject
Global
	GlobalSection(SolutionConfigurationPlatforms) = preSolution
		Debug|Any CPU = Debug|Any CPU
		Release|Any CPU = Release|Any CPU
	EndGlobalSection
	GlobalSection(ProjectConfigurationPlatforms) = postSolution
		{B6218F87-B46D-4B40-BA1D-AF35571147F7}.Debug|Any CPU.ActiveCfg = Debug|Any CPU
		{B6218F87-B46D-4B40-BA1D-AF35571147F7}.Debug|Any CPU.Build.0 = Debug|Any CPU
		{B6218F87-B46D-4B40-BA1D-AF35571147F7}.Release|Any CPU.ActiveCfg = Release|Any CPU
		{B6218F87-B46D-4B40-BA1D-AF35571147F7}.Release|Any CPU.Build.0 = Release|Any CPU
	EndGlobalSection
	GlobalSection(SolutionProperties) = preSolution
		HideSolutionNode = FALSE
	EndGlobalSection
	GlobalSection(ExtensibilityGlobals) = postSolution
		SolutionGuid = {A87899CE-EA8B-4C7A-80CD-C505765660C3}
	EndGlobalSection
EndGlobal
