
Microsoft Visual Studio Solution File, Format Version 12.00
# Visual Studio 15
VisualStudioVersion = 15.0.28010.2050
MinimumVisualStudioVersion = 10.0.40219.1
Project("{FAE04EC0-301F-11D3-BF4B-00C04F79EFBC}") = "Exam_taks", "Exam_taks\Exam_taks.csproj", "{0F0486B7-4755-4D01-B58A-5BF4B230C55A}"
EndProject
Project("{FAE04EC0-301F-11D3-BF4B-00C04F79EFBC}") = "dictionary_simple_task", "dictionary_simple_task\dictionary_simple_task.csproj", "{1E419675-6AF8-4A38-8EC2-C0A2D8873E91}"
EndProject
Global
	GlobalSection(SolutionConfigurationPlatforms) = preSolution
		Debug|Any CPU = Debug|Any CPU
		Release|Any CPU = Release|Any CPU
	EndGlobalSection
	GlobalSection(ProjectConfigurationPlatforms) = postSolution
		{0F0486B7-4755-4D01-B58A-5BF4B230C55A}.Debug|Any CPU.ActiveCfg = Debug|Any CPU
		{0F0486B7-4755-4D01-B58A-5BF4B230C55A}.Debug|Any CPU.Build.0 = Debug|Any CPU
		{0F0486B7-4755-4D01-B58A-5BF4B230C55A}.Release|Any CPU.ActiveCfg = Release|Any CPU
		{0F0486B7-4755-4D01-B58A-5BF4B230C55A}.Release|Any CPU.Build.0 = Release|Any CPU
		{1E419675-6AF8-4A38-8EC2-C0A2D8873E91}.Debug|Any CPU.ActiveCfg = Debug|Any CPU
		{1E419675-6AF8-4A38-8EC2-C0A2D8873E91}.Debug|Any CPU.Build.0 = Debug|Any CPU
		{1E419675-6AF8-4A38-8EC2-C0A2D8873E91}.Release|Any CPU.ActiveCfg = Release|Any CPU
		{1E419675-6AF8-4A38-8EC2-C0A2D8873E91}.Release|Any CPU.Build.0 = Release|Any CPU
	EndGlobalSection
	GlobalSection(SolutionProperties) = preSolution
		HideSolutionNode = FALSE
	EndGlobalSection
	GlobalSection(ExtensibilityGlobals) = postSolution
		SolutionGuid = {DF944F72-1F8C-4B85-931A-0E11ACADBF27}
	EndGlobalSection
EndGlobal
