
Microsoft Visual Studio Solution File, Format Version 12.00
# Visual Studio 15
VisualStudioVersion = 15.0.28010.2016
MinimumVisualStudioVersion = 10.0.40219.1
Project("{FAE04EC0-301F-11D3-BF4B-00C04F79EFBC}") = "01___FirstExample", "CoVariance and ContraVariance\01___FirstExample.csproj", "{9ABCBFB2-2589-4A44-B47F-369CEA1BB604}"
EndProject
Global
	GlobalSection(SolutionConfigurationPlatforms) = preSolution
		Debug|Any CPU = Debug|Any CPU
		Release|Any CPU = Release|Any CPU
	EndGlobalSection
	GlobalSection(ProjectConfigurationPlatforms) = postSolution
		{9ABCBFB2-2589-4A44-B47F-369CEA1BB604}.Debug|Any CPU.ActiveCfg = Debug|Any CPU
		{9ABCBFB2-2589-4A44-B47F-369CEA1BB604}.Debug|Any CPU.Build.0 = Debug|Any CPU
		{9ABCBFB2-2589-4A44-B47F-369CEA1BB604}.Release|Any CPU.ActiveCfg = Release|Any CPU
		{9ABCBFB2-2589-4A44-B47F-369CEA1BB604}.Release|Any CPU.Build.0 = Release|Any CPU
	EndGlobalSection
	GlobalSection(SolutionProperties) = preSolution
		HideSolutionNode = FALSE
	EndGlobalSection
	GlobalSection(ExtensibilityGlobals) = postSolution
		SolutionGuid = {7A8A49CD-1668-4203-895B-3DDE0B1C3974}
	EndGlobalSection
EndGlobal
