
Microsoft Visual Studio Solution File, Format Version 12.00
# Visual Studio 15
VisualStudioVersion = 15.0.28010.2016
MinimumVisualStudioVersion = 10.0.40219.1
Project("{FAE04EC0-301F-11D3-BF4B-00C04F79EFBC}") = "ParallelForLoop", "ParallelForLoop\ParallelForLoop.csproj", "{007B7936-5001-4374-AC75-FC3F2D37DB0C}"
EndProject
Global
	GlobalSection(SolutionConfigurationPlatforms) = preSolution
		Debug|Any CPU = Debug|Any CPU
		Release|Any CPU = Release|Any CPU
	EndGlobalSection
	GlobalSection(ProjectConfigurationPlatforms) = postSolution
		{007B7936-5001-4374-AC75-FC3F2D37DB0C}.Debug|Any CPU.ActiveCfg = Debug|Any CPU
		{007B7936-5001-4374-AC75-FC3F2D37DB0C}.Debug|Any CPU.Build.0 = Debug|Any CPU
		{007B7936-5001-4374-AC75-FC3F2D37DB0C}.Release|Any CPU.ActiveCfg = Release|Any CPU
		{007B7936-5001-4374-AC75-FC3F2D37DB0C}.Release|Any CPU.Build.0 = Release|Any CPU
	EndGlobalSection
	GlobalSection(SolutionProperties) = preSolution
		HideSolutionNode = FALSE
	EndGlobalSection
	GlobalSection(ExtensibilityGlobals) = postSolution
		SolutionGuid = {9B669CC5-091A-4C7F-8A14-41CC9C9C7768}
	EndGlobalSection
EndGlobal
