
Microsoft Visual Studio Solution File, Format Version 12.00
# Visual Studio 15
VisualStudioVersion = 15.0.27428.2027
MinimumVisualStudioVersion = 10.0.40219.1
Project("{FAE04EC0-301F-11D3-BF4B-00C04F79EFBC}") = "CompileTIme_VS_RunTIme_Type", "CompileTIme_VS_RunTIme_Type\CompileTIme_VS_RunTIme_Type.csproj", "{02170C39-72B1-469E-904A-3AA8D0020A8C}"
EndProject
Global
	GlobalSection(SolutionConfigurationPlatforms) = preSolution
		Debug|Any CPU = Debug|Any CPU
		Release|Any CPU = Release|Any CPU
	EndGlobalSection
	GlobalSection(ProjectConfigurationPlatforms) = postSolution
		{02170C39-72B1-469E-904A-3AA8D0020A8C}.Debug|Any CPU.ActiveCfg = Debug|Any CPU
		{02170C39-72B1-469E-904A-3AA8D0020A8C}.Debug|Any CPU.Build.0 = Debug|Any CPU
		{02170C39-72B1-469E-904A-3AA8D0020A8C}.Release|Any CPU.ActiveCfg = Release|Any CPU
		{02170C39-72B1-469E-904A-3AA8D0020A8C}.Release|Any CPU.Build.0 = Release|Any CPU
	EndGlobalSection
	GlobalSection(SolutionProperties) = preSolution
		HideSolutionNode = FALSE
	EndGlobalSection
	GlobalSection(ExtensibilityGlobals) = postSolution
		SolutionGuid = {E0EEB0D3-4804-4F28-9A6D-A58EA169B45B}
	EndGlobalSection
EndGlobal
