
Microsoft Visual Studio Solution File, Format Version 12.00
# Visual Studio 15
VisualStudioVersion = 15.0.27428.2027
MinimumVisualStudioVersion = 10.0.40219.1
Project("{FAE04EC0-301F-11D3-BF4B-00C04F79EFBC}") = "01_First_Example", "01_First_Example\01_First_Example.csproj", "{08ED13AA-CEE0-456F-969C-0DBA2B4AB81C}"
EndProject
Project("{FAE04EC0-301F-11D3-BF4B-00C04F79EFBC}") = "02_Second_Example", "02_Second_Example\02_Second_Example.csproj", "{F7B3B761-E825-4011-8D4F-4C115EF9BBE4}"
EndProject
Project("{FAE04EC0-301F-11D3-BF4B-00C04F79EFBC}") = "03_Third_Example", "03_Third_Example\03_Third_Example.csproj", "{D3DEFB14-C46F-4B95-9BE9-E08096BA9E7C}"
EndProject
Global
	GlobalSection(SolutionConfigurationPlatforms) = preSolution
		Debug|Any CPU = Debug|Any CPU
		Release|Any CPU = Release|Any CPU
	EndGlobalSection
	GlobalSection(ProjectConfigurationPlatforms) = postSolution
		{08ED13AA-CEE0-456F-969C-0DBA2B4AB81C}.Debug|Any CPU.ActiveCfg = Debug|Any CPU
		{08ED13AA-CEE0-456F-969C-0DBA2B4AB81C}.Debug|Any CPU.Build.0 = Debug|Any CPU
		{08ED13AA-CEE0-456F-969C-0DBA2B4AB81C}.Release|Any CPU.ActiveCfg = Release|Any CPU
		{08ED13AA-CEE0-456F-969C-0DBA2B4AB81C}.Release|Any CPU.Build.0 = Release|Any CPU
		{F7B3B761-E825-4011-8D4F-4C115EF9BBE4}.Debug|Any CPU.ActiveCfg = Debug|Any CPU
		{F7B3B761-E825-4011-8D4F-4C115EF9BBE4}.Debug|Any CPU.Build.0 = Debug|Any CPU
		{F7B3B761-E825-4011-8D4F-4C115EF9BBE4}.Release|Any CPU.ActiveCfg = Release|Any CPU
		{F7B3B761-E825-4011-8D4F-4C115EF9BBE4}.Release|Any CPU.Build.0 = Release|Any CPU
		{D3DEFB14-C46F-4B95-9BE9-E08096BA9E7C}.Debug|Any CPU.ActiveCfg = Debug|Any CPU
		{D3DEFB14-C46F-4B95-9BE9-E08096BA9E7C}.Debug|Any CPU.Build.0 = Debug|Any CPU
		{D3DEFB14-C46F-4B95-9BE9-E08096BA9E7C}.Release|Any CPU.ActiveCfg = Release|Any CPU
		{D3DEFB14-C46F-4B95-9BE9-E08096BA9E7C}.Release|Any CPU.Build.0 = Release|Any CPU
	EndGlobalSection
	GlobalSection(SolutionProperties) = preSolution
		HideSolutionNode = FALSE
	EndGlobalSection
	GlobalSection(ExtensibilityGlobals) = postSolution
		SolutionGuid = {A06DE0E9-583C-4A2A-A30C-0265348FE6F5}
	EndGlobalSection
EndGlobal
