
Microsoft Visual Studio Solution File, Format Version 12.00
# Visual Studio 15
VisualStudioVersion = 15.0.28010.2050
MinimumVisualStudioVersion = 10.0.40219.1
Project("{FAE04EC0-301F-11D3-BF4B-00C04F79EFBC}") = "SnowWhiteV2", "SnowWhiteV2\SnowWhiteV2.csproj", "{9BE44270-F875-4A4D-8F8E-6D7475D579A8}"
EndProject
Global
	GlobalSection(SolutionConfigurationPlatforms) = preSolution
		Debug|Any CPU = Debug|Any CPU
		Release|Any CPU = Release|Any CPU
	EndGlobalSection
	GlobalSection(ProjectConfigurationPlatforms) = postSolution
		{9BE44270-F875-4A4D-8F8E-6D7475D579A8}.Debug|Any CPU.ActiveCfg = Debug|Any CPU
		{9BE44270-F875-4A4D-8F8E-6D7475D579A8}.Debug|Any CPU.Build.0 = Debug|Any CPU
		{9BE44270-F875-4A4D-8F8E-6D7475D579A8}.Release|Any CPU.ActiveCfg = Release|Any CPU
		{9BE44270-F875-4A4D-8F8E-6D7475D579A8}.Release|Any CPU.Build.0 = Release|Any CPU
	EndGlobalSection
	GlobalSection(SolutionProperties) = preSolution
		HideSolutionNode = FALSE
	EndGlobalSection
	GlobalSection(ExtensibilityGlobals) = postSolution
		SolutionGuid = {9074DD32-00E1-45FD-85E8-7D9BF8F579CA}
	EndGlobalSection
EndGlobal
