
Microsoft Visual Studio Solution File, Format Version 12.00
# Visual Studio 15
VisualStudioVersion = 15.0.28010.2016
MinimumVisualStudioVersion = 10.0.40219.1
Project("{FAE04EC0-301F-11D3-BF4B-00C04F79EFBC}") = "InterfaceExample", "InterfaceExample\InterfaceExample.csproj", "{895E6BE2-639E-45DC-9F01-0E01AF157754}"
EndProject
Global
	GlobalSection(SolutionConfigurationPlatforms) = preSolution
		Debug|Any CPU = Debug|Any CPU
		Release|Any CPU = Release|Any CPU
	EndGlobalSection
	GlobalSection(ProjectConfigurationPlatforms) = postSolution
		{895E6BE2-639E-45DC-9F01-0E01AF157754}.Debug|Any CPU.ActiveCfg = Debug|Any CPU
		{895E6BE2-639E-45DC-9F01-0E01AF157754}.Debug|Any CPU.Build.0 = Debug|Any CPU
		{895E6BE2-639E-45DC-9F01-0E01AF157754}.Release|Any CPU.ActiveCfg = Release|Any CPU
		{895E6BE2-639E-45DC-9F01-0E01AF157754}.Release|Any CPU.Build.0 = Release|Any CPU
	EndGlobalSection
	GlobalSection(SolutionProperties) = preSolution
		HideSolutionNode = FALSE
	EndGlobalSection
	GlobalSection(ExtensibilityGlobals) = postSolution
		SolutionGuid = {62227753-7192-4946-9C85-E11F930BDEB5}
	EndGlobalSection
EndGlobal
