
Microsoft Visual Studio Solution File, Format Version 12.00
# Visual Studio 15
VisualStudioVersion = 15.0.28307.271
MinimumVisualStudioVersion = 10.0.40219.1
Project("{9A19103F-16F7-4668-BE54-9A1E7A4F7556}") = "01___Thread_operations_example_one", "01___Thread_operations_example_one\01___Thread_operations_example_one.csproj", "{B258D692-286E-4C04-85AD-60FD5F34D8C9}"
EndProject
Project("{FAE04EC0-301F-11D3-BF4B-00C04F79EFBC}") = "02___Dead_lock", "02___Dead_lock\02___Dead_lock.csproj", "{8F568B13-E4D9-418C-B6F5-F0FA0E4D33B7}"
EndProject
Project("{FAE04EC0-301F-11D3-BF4B-00C04F79EFBC}") = "03___Tasks", "03___Tasks\03___Tasks.csproj", "{F133E78D-CA28-482A-A814-ADEA1CFD1A4C}"
EndProject
Global
	GlobalSection(SolutionConfigurationPlatforms) = preSolution
		Debug|Any CPU = Debug|Any CPU
		Release|Any CPU = Release|Any CPU
	EndGlobalSection
	GlobalSection(ProjectConfigurationPlatforms) = postSolution
		{B258D692-286E-4C04-85AD-60FD5F34D8C9}.Debug|Any CPU.ActiveCfg = Debug|Any CPU
		{B258D692-286E-4C04-85AD-60FD5F34D8C9}.Debug|Any CPU.Build.0 = Debug|Any CPU
		{B258D692-286E-4C04-85AD-60FD5F34D8C9}.Release|Any CPU.ActiveCfg = Release|Any CPU
		{B258D692-286E-4C04-85AD-60FD5F34D8C9}.Release|Any CPU.Build.0 = Release|Any CPU
		{8F568B13-E4D9-418C-B6F5-F0FA0E4D33B7}.Debug|Any CPU.ActiveCfg = Debug|Any CPU
		{8F568B13-E4D9-418C-B6F5-F0FA0E4D33B7}.Debug|Any CPU.Build.0 = Debug|Any CPU
		{8F568B13-E4D9-418C-B6F5-F0FA0E4D33B7}.Release|Any CPU.ActiveCfg = Release|Any CPU
		{8F568B13-E4D9-418C-B6F5-F0FA0E4D33B7}.Release|Any CPU.Build.0 = Release|Any CPU
		{F133E78D-CA28-482A-A814-ADEA1CFD1A4C}.Debug|Any CPU.ActiveCfg = Debug|Any CPU
		{F133E78D-CA28-482A-A814-ADEA1CFD1A4C}.Debug|Any CPU.Build.0 = Debug|Any CPU
		{F133E78D-CA28-482A-A814-ADEA1CFD1A4C}.Release|Any CPU.ActiveCfg = Release|Any CPU
		{F133E78D-CA28-482A-A814-ADEA1CFD1A4C}.Release|Any CPU.Build.0 = Release|Any CPU
	EndGlobalSection
	GlobalSection(SolutionProperties) = preSolution
		HideSolutionNode = FALSE
	EndGlobalSection
	GlobalSection(ExtensibilityGlobals) = postSolution
		SolutionGuid = {EA539331-F20E-4797-BFA7-188CB2ED6FC5}
	EndGlobalSection
EndGlobal
