
Microsoft Visual Studio Solution File, Format Version 12.00
# Visual Studio 15
VisualStudioVersion = 15.0.28010.2016
MinimumVisualStudioVersion = 10.0.40219.1
Project("{FAE04EC0-301F-11D3-BF4B-00C04F79EFBC}") = "AutoResize", "AutoResize\AutoResize.csproj", "{FFA4883F-559E-47F8-AD31-90B39C9C38A8}"
EndProject
Global
	GlobalSection(SolutionConfigurationPlatforms) = preSolution
		Debug|Any CPU = Debug|Any CPU
		Release|Any CPU = Release|Any CPU
	EndGlobalSection
	GlobalSection(ProjectConfigurationPlatforms) = postSolution
		{FFA4883F-559E-47F8-AD31-90B39C9C38A8}.Debug|Any CPU.ActiveCfg = Debug|Any CPU
		{FFA4883F-559E-47F8-AD31-90B39C9C38A8}.Debug|Any CPU.Build.0 = Debug|Any CPU
		{FFA4883F-559E-47F8-AD31-90B39C9C38A8}.Release|Any CPU.ActiveCfg = Release|Any CPU
		{FFA4883F-559E-47F8-AD31-90B39C9C38A8}.Release|Any CPU.Build.0 = Release|Any CPU
	EndGlobalSection
	GlobalSection(SolutionProperties) = preSolution
		HideSolutionNode = FALSE
	EndGlobalSection
	GlobalSection(ExtensibilityGlobals) = postSolution
		SolutionGuid = {615A2D1A-A0F9-4E66-99BF-E83E655F06AC}
	EndGlobalSection
EndGlobal
