
Microsoft Visual Studio Solution File, Format Version 12.00
# Visual Studio 15
VisualStudioVersion = 15.0.27703.2047
MinimumVisualStudioVersion = 10.0.40219.1
Project("{FAE04EC0-301F-11D3-BF4B-00C04F79EFBC}") = "AttributesExample", "AttributesExample\AttributesExample.csproj", "{426C6EB8-314F-4F9E-A153-1044F59A47C6}"
EndProject
Global
	GlobalSection(SolutionConfigurationPlatforms) = preSolution
		Debug|Any CPU = Debug|Any CPU
		Release|Any CPU = Release|Any CPU
	EndGlobalSection
	GlobalSection(ProjectConfigurationPlatforms) = postSolution
		{426C6EB8-314F-4F9E-A153-1044F59A47C6}.Debug|Any CPU.ActiveCfg = Debug|Any CPU
		{426C6EB8-314F-4F9E-A153-1044F59A47C6}.Debug|Any CPU.Build.0 = Debug|Any CPU
		{426C6EB8-314F-4F9E-A153-1044F59A47C6}.Release|Any CPU.ActiveCfg = Release|Any CPU
		{426C6EB8-314F-4F9E-A153-1044F59A47C6}.Release|Any CPU.Build.0 = Release|Any CPU
	EndGlobalSection
	GlobalSection(SolutionProperties) = preSolution
		HideSolutionNode = FALSE
	EndGlobalSection
	GlobalSection(ExtensibilityGlobals) = postSolution
		SolutionGuid = {E38DCF9F-4FF4-41D8-AE95-EAE5651E8130}
	EndGlobalSection
EndGlobal
