
Microsoft Visual Studio Solution File, Format Version 12.00
# Visual Studio 15
VisualStudioVersion = 15.0.28010.2050
MinimumVisualStudioVersion = 10.0.40219.1
Project("{FAE04EC0-301F-11D3-BF4B-00C04F79EFBC}") = "01___Task", "BitwiseOperations\01___Task.csproj", "{5D920720-D586-405A-A993-DE3E3321152C}"
EndProject
Project("{FAE04EC0-301F-11D3-BF4B-00C04F79EFBC}") = "02___Task", "02_Task\02___Task.csproj", "{7FB745D6-AB99-4C40-AD89-0616F7597E6B}"
EndProject
Global
	GlobalSection(SolutionConfigurationPlatforms) = preSolution
		Debug|Any CPU = Debug|Any CPU
		Release|Any CPU = Release|Any CPU
	EndGlobalSection
	GlobalSection(ProjectConfigurationPlatforms) = postSolution
		{5D920720-D586-405A-A993-DE3E3321152C}.Debug|Any CPU.ActiveCfg = Debug|Any CPU
		{5D920720-D586-405A-A993-DE3E3321152C}.Debug|Any CPU.Build.0 = Debug|Any CPU
		{5D920720-D586-405A-A993-DE3E3321152C}.Release|Any CPU.ActiveCfg = Release|Any CPU
		{5D920720-D586-405A-A993-DE3E3321152C}.Release|Any CPU.Build.0 = Release|Any CPU
		{7FB745D6-AB99-4C40-AD89-0616F7597E6B}.Debug|Any CPU.ActiveCfg = Debug|Any CPU
		{7FB745D6-AB99-4C40-AD89-0616F7597E6B}.Debug|Any CPU.Build.0 = Debug|Any CPU
		{7FB745D6-AB99-4C40-AD89-0616F7597E6B}.Release|Any CPU.ActiveCfg = Release|Any CPU
		{7FB745D6-AB99-4C40-AD89-0616F7597E6B}.Release|Any CPU.Build.0 = Release|Any CPU
	EndGlobalSection
	GlobalSection(SolutionProperties) = preSolution
		HideSolutionNode = FALSE
	EndGlobalSection
	GlobalSection(ExtensibilityGlobals) = postSolution
		SolutionGuid = {E86D1082-EDBA-47ED-B183-92DF9C849488}
	EndGlobalSection
EndGlobal
