
Microsoft Visual Studio Solution File, Format Version 12.00
# Visual Studio 15
VisualStudioVersion = 15.0.28010.2003
MinimumVisualStudioVersion = 10.0.40219.1
Project("{FAE04EC0-301F-11D3-BF4B-00C04F79EFBC}") = "01___FirstTask", "01___FirstTask\01___FirstTask.csproj", "{5F43428B-B66A-4C49-914E-E27C02488A0A}"
EndProject
Project("{FAE04EC0-301F-11D3-BF4B-00C04F79EFBC}") = "02___SecondTask", "02___SecondTask\02___SecondTask.csproj", "{E350A617-29C5-4D4D-844B-AC1FB7BBC484}"
EndProject
Global
	GlobalSection(SolutionConfigurationPlatforms) = preSolution
		Debug|Any CPU = Debug|Any CPU
		Release|Any CPU = Release|Any CPU
	EndGlobalSection
	GlobalSection(ProjectConfigurationPlatforms) = postSolution
		{5F43428B-B66A-4C49-914E-E27C02488A0A}.Debug|Any CPU.ActiveCfg = Debug|Any CPU
		{5F43428B-B66A-4C49-914E-E27C02488A0A}.Debug|Any CPU.Build.0 = Debug|Any CPU
		{5F43428B-B66A-4C49-914E-E27C02488A0A}.Release|Any CPU.ActiveCfg = Release|Any CPU
		{5F43428B-B66A-4C49-914E-E27C02488A0A}.Release|Any CPU.Build.0 = Release|Any CPU
		{E350A617-29C5-4D4D-844B-AC1FB7BBC484}.Debug|Any CPU.ActiveCfg = Debug|Any CPU
		{E350A617-29C5-4D4D-844B-AC1FB7BBC484}.Debug|Any CPU.Build.0 = Debug|Any CPU
		{E350A617-29C5-4D4D-844B-AC1FB7BBC484}.Release|Any CPU.ActiveCfg = Release|Any CPU
		{E350A617-29C5-4D4D-844B-AC1FB7BBC484}.Release|Any CPU.Build.0 = Release|Any CPU
	EndGlobalSection
	GlobalSection(SolutionProperties) = preSolution
		HideSolutionNode = FALSE
	EndGlobalSection
	GlobalSection(ExtensibilityGlobals) = postSolution
		SolutionGuid = {7945BC2F-BF13-401D-8AA6-32E2FD27DDAB}
	EndGlobalSection
EndGlobal
