
Microsoft Visual Studio Solution File, Format Version 12.00
# Visual Studio 15
VisualStudioVersion = 15.0.28010.2016
MinimumVisualStudioVersion = 10.0.40219.1
Project("{FAE04EC0-301F-11D3-BF4B-00C04F79EFBC}") = "01___ConvertApplication", "01___ConvertApplication\01___ConvertApplication.csproj", "{89046E2A-DB12-433E-87C9-7E7C617691F0}"
EndProject
Project("{9A19103F-16F7-4668-BE54-9A1E7A4F7556}") = "02___ConsoleAppVersion", "02___ConsoleAppVersion\02___ConsoleAppVersion.csproj", "{C3F3A9E6-EF5A-4484-9BF1-FD72B0CCFB82}"
EndProject
Project("{FAE04EC0-301F-11D3-BF4B-00C04F79EFBC}") = "05___AutoResize", "05___AutoResize\05___AutoResize.csproj", "{6F7FBCBE-0312-451B-95EE-0675EE61C09B}"
EndProject
Project("{FAE04EC0-301F-11D3-BF4B-00C04F79EFBC}") = "03___RoundProgressBar", "03___RoundProgressBar\03___RoundProgressBar.csproj", "{3FB78211-C251-4716-BF02-33B760D81C1E}"
EndProject
Project("{FAE04EC0-301F-11D3-BF4B-00C04F79EFBC}") = "04___BackgrountWorkerProgressBar", "04___BackgrountworkerProgressBar\04___BackgrountWorkerProgressBar.csproj", "{23817652-26BE-4932-A863-7B76E5BCC947}"
EndProject
Global
	GlobalSection(SolutionConfigurationPlatforms) = preSolution
		Debug|Any CPU = Debug|Any CPU
		Release|Any CPU = Release|Any CPU
	EndGlobalSection
	GlobalSection(ProjectConfigurationPlatforms) = postSolution
		{89046E2A-DB12-433E-87C9-7E7C617691F0}.Debug|Any CPU.ActiveCfg = Debug|Any CPU
		{89046E2A-DB12-433E-87C9-7E7C617691F0}.Debug|Any CPU.Build.0 = Debug|Any CPU
		{89046E2A-DB12-433E-87C9-7E7C617691F0}.Release|Any CPU.ActiveCfg = Release|Any CPU
		{89046E2A-DB12-433E-87C9-7E7C617691F0}.Release|Any CPU.Build.0 = Release|Any CPU
		{C3F3A9E6-EF5A-4484-9BF1-FD72B0CCFB82}.Debug|Any CPU.ActiveCfg = Debug|Any CPU
		{C3F3A9E6-EF5A-4484-9BF1-FD72B0CCFB82}.Debug|Any CPU.Build.0 = Debug|Any CPU
		{C3F3A9E6-EF5A-4484-9BF1-FD72B0CCFB82}.Release|Any CPU.ActiveCfg = Release|Any CPU
		{C3F3A9E6-EF5A-4484-9BF1-FD72B0CCFB82}.Release|Any CPU.Build.0 = Release|Any CPU
		{6F7FBCBE-0312-451B-95EE-0675EE61C09B}.Debug|Any CPU.ActiveCfg = Debug|Any CPU
		{6F7FBCBE-0312-451B-95EE-0675EE61C09B}.Debug|Any CPU.Build.0 = Debug|Any CPU
		{6F7FBCBE-0312-451B-95EE-0675EE61C09B}.Release|Any CPU.ActiveCfg = Release|Any CPU
		{6F7FBCBE-0312-451B-95EE-0675EE61C09B}.Release|Any CPU.Build.0 = Release|Any CPU
		{3FB78211-C251-4716-BF02-33B760D81C1E}.Debug|Any CPU.ActiveCfg = Debug|Any CPU
		{3FB78211-C251-4716-BF02-33B760D81C1E}.Debug|Any CPU.Build.0 = Debug|Any CPU
		{3FB78211-C251-4716-BF02-33B760D81C1E}.Release|Any CPU.ActiveCfg = Release|Any CPU
		{3FB78211-C251-4716-BF02-33B760D81C1E}.Release|Any CPU.Build.0 = Release|Any CPU
		{23817652-26BE-4932-A863-7B76E5BCC947}.Debug|Any CPU.ActiveCfg = Debug|Any CPU
		{23817652-26BE-4932-A863-7B76E5BCC947}.Debug|Any CPU.Build.0 = Debug|Any CPU
		{23817652-26BE-4932-A863-7B76E5BCC947}.Release|Any CPU.ActiveCfg = Release|Any CPU
		{23817652-26BE-4932-A863-7B76E5BCC947}.Release|Any CPU.Build.0 = Release|Any CPU
	EndGlobalSection
	GlobalSection(SolutionProperties) = preSolution
		HideSolutionNode = FALSE
	EndGlobalSection
	GlobalSection(ExtensibilityGlobals) = postSolution
		SolutionGuid = {A82D6E17-DACB-4625-8AF5-0EAFB363CC41}
	EndGlobalSection
EndGlobal
