
Microsoft Visual Studio Solution File, Format Version 12.00
# Visual Studio 15
VisualStudioVersion = 15.0.28010.2016
MinimumVisualStudioVersion = 10.0.40219.1
Project("{FAE04EC0-301F-11D3-BF4B-00C04F79EFBC}") = "FindLongestSubSeequence", "FindLongestSubSeequence\FindLongestSubSeequence.csproj", "{B878308F-22A3-4EE6-9B52-64E10B6F7F89}"
EndProject
Global
	GlobalSection(SolutionConfigurationPlatforms) = preSolution
		Debug|Any CPU = Debug|Any CPU
		Release|Any CPU = Release|Any CPU
	EndGlobalSection
	GlobalSection(ProjectConfigurationPlatforms) = postSolution
		{B878308F-22A3-4EE6-9B52-64E10B6F7F89}.Debug|Any CPU.ActiveCfg = Debug|Any CPU
		{B878308F-22A3-4EE6-9B52-64E10B6F7F89}.Debug|Any CPU.Build.0 = Debug|Any CPU
		{B878308F-22A3-4EE6-9B52-64E10B6F7F89}.Release|Any CPU.ActiveCfg = Release|Any CPU
		{B878308F-22A3-4EE6-9B52-64E10B6F7F89}.Release|Any CPU.Build.0 = Release|Any CPU
	EndGlobalSection
	GlobalSection(SolutionProperties) = preSolution
		HideSolutionNode = FALSE
	EndGlobalSection
	GlobalSection(ExtensibilityGlobals) = postSolution
		SolutionGuid = {BA9E9CAF-965E-4CEF-9325-E596C06B76EC}
	EndGlobalSection
EndGlobal
