
Microsoft Visual Studio Solution File, Format Version 12.00
# Visual Studio 15
VisualStudioVersion = 15.0.28307.421
MinimumVisualStudioVersion = 10.0.40219.1
Project("{FAE04EC0-301F-11D3-BF4B-00C04F79EFBC}") = "Funk_Methods", "Funk_Methods\Funk_Methods.csproj", "{474EB948-5E70-4AB7-BE4C-28E0E879B6FD}"
EndProject
Global
	GlobalSection(SolutionConfigurationPlatforms) = preSolution
		Debug|Any CPU = Debug|Any CPU
		Release|Any CPU = Release|Any CPU
	EndGlobalSection
	GlobalSection(ProjectConfigurationPlatforms) = postSolution
		{474EB948-5E70-4AB7-BE4C-28E0E879B6FD}.Debug|Any CPU.ActiveCfg = Debug|Any CPU
		{474EB948-5E70-4AB7-BE4C-28E0E879B6FD}.Debug|Any CPU.Build.0 = Debug|Any CPU
		{474EB948-5E70-4AB7-BE4C-28E0E879B6FD}.Release|Any CPU.ActiveCfg = Release|Any CPU
		{474EB948-5E70-4AB7-BE4C-28E0E879B6FD}.Release|Any CPU.Build.0 = Release|Any CPU
	EndGlobalSection
	GlobalSection(SolutionProperties) = preSolution
		HideSolutionNode = FALSE
	EndGlobalSection
	GlobalSection(ExtensibilityGlobals) = postSolution
		SolutionGuid = {BF01C838-1822-4B21-809B-C78BDAF8747D}
	EndGlobalSection
EndGlobal
