
Microsoft Visual Studio Solution File, Format Version 12.00
# Visual Studio 15
VisualStudioVersion = 15.0.27703.2047
MinimumVisualStudioVersion = 10.0.40219.1
Project("{FAE04EC0-301F-11D3-BF4B-00C04F79EFBC}") = "01___valueVSReffenrenceType", "01___valueVSReffenrenceType\01___valueVSReffenrenceType.csproj", "{8EA0D8D9-12C8-4C0C-894C-C16DCF039D1C}"
EndProject
Project("{FAE04EC0-301F-11D3-BF4B-00C04F79EFBC}") = "02___DaysSum", "02___DaysSum\02___DaysSum.csproj", "{D82C6049-8E20-4B31-B438-90129DD2DDE9}"
EndProject
Global
	GlobalSection(SolutionConfigurationPlatforms) = preSolution
		Debug|Any CPU = Debug|Any CPU
		Release|Any CPU = Release|Any CPU
	EndGlobalSection
	GlobalSection(ProjectConfigurationPlatforms) = postSolution
		{8EA0D8D9-12C8-4C0C-894C-C16DCF039D1C}.Debug|Any CPU.ActiveCfg = Debug|Any CPU
		{8EA0D8D9-12C8-4C0C-894C-C16DCF039D1C}.Debug|Any CPU.Build.0 = Debug|Any CPU
		{8EA0D8D9-12C8-4C0C-894C-C16DCF039D1C}.Release|Any CPU.ActiveCfg = Release|Any CPU
		{8EA0D8D9-12C8-4C0C-894C-C16DCF039D1C}.Release|Any CPU.Build.0 = Release|Any CPU
		{D82C6049-8E20-4B31-B438-90129DD2DDE9}.Debug|Any CPU.ActiveCfg = Debug|Any CPU
		{D82C6049-8E20-4B31-B438-90129DD2DDE9}.Debug|Any CPU.Build.0 = Debug|Any CPU
		{D82C6049-8E20-4B31-B438-90129DD2DDE9}.Release|Any CPU.ActiveCfg = Release|Any CPU
		{D82C6049-8E20-4B31-B438-90129DD2DDE9}.Release|Any CPU.Build.0 = Release|Any CPU
	EndGlobalSection
	GlobalSection(SolutionProperties) = preSolution
		HideSolutionNode = FALSE
	EndGlobalSection
	GlobalSection(ExtensibilityGlobals) = postSolution
		SolutionGuid = {B21471D7-F614-40C7-A827-6C22880AFF7F}
	EndGlobalSection
EndGlobal
