
Microsoft Visual Studio Solution File, Format Version 12.00
# Visual Studio 15
VisualStudioVersion = 15.0.27428.2027
MinimumVisualStudioVersion = 10.0.40219.1
Project("{FAE04EC0-301F-11D3-BF4B-00C04F79EFBC}") = "01_Dictionary_and_Linq", "01_Dictionary_and_Linq\01_Dictionary_and_Linq.csproj", "{56F3BA8A-2413-447D-8E0A-FB858DDD7259}"
EndProject
Project("{FAE04EC0-301F-11D3-BF4B-00C04F79EFBC}") = "02_RectangleValidationPoint", "02_RectangleValidationPoint\02_RectangleValidationPoint.csproj", "{6DA352DB-0830-42BC-8A0C-EBD6B1CEB8FD}"
EndProject
Project("{FAE04EC0-301F-11D3-BF4B-00C04F79EFBC}") = "03_ExtensionINTandString", "03_ExtensionINT\03_ExtensionINTandString.csproj", "{1A86FA33-BF9A-4721-B247-674B580158EE}"
EndProject
Project("{FAE04EC0-301F-11D3-BF4B-00C04F79EFBC}") = "04_OtherExtensionMethods", "04_OtherExtensionMethods\04_OtherExtensionMethods.csproj", "{FDC0A16C-1DDE-46F8-989D-9D5399A2422F}"
EndProject
Project("{FAE04EC0-301F-11D3-BF4B-00C04F79EFBC}") = "05_Enums", "05_Enums\05_Enums.csproj", "{647AEAC5-18E1-4EF7-AC58-4F16C231639F}"
EndProject
Global
	GlobalSection(SolutionConfigurationPlatforms) = preSolution
		Debug|Any CPU = Debug|Any CPU
		Release|Any CPU = Release|Any CPU
	EndGlobalSection
	GlobalSection(ProjectConfigurationPlatforms) = postSolution
		{56F3BA8A-2413-447D-8E0A-FB858DDD7259}.Debug|Any CPU.ActiveCfg = Debug|Any CPU
		{56F3BA8A-2413-447D-8E0A-FB858DDD7259}.Debug|Any CPU.Build.0 = Debug|Any CPU
		{56F3BA8A-2413-447D-8E0A-FB858DDD7259}.Release|Any CPU.ActiveCfg = Release|Any CPU
		{56F3BA8A-2413-447D-8E0A-FB858DDD7259}.Release|Any CPU.Build.0 = Release|Any CPU
		{6DA352DB-0830-42BC-8A0C-EBD6B1CEB8FD}.Debug|Any CPU.ActiveCfg = Debug|Any CPU
		{6DA352DB-0830-42BC-8A0C-EBD6B1CEB8FD}.Debug|Any CPU.Build.0 = Debug|Any CPU
		{6DA352DB-0830-42BC-8A0C-EBD6B1CEB8FD}.Release|Any CPU.ActiveCfg = Release|Any CPU
		{6DA352DB-0830-42BC-8A0C-EBD6B1CEB8FD}.Release|Any CPU.Build.0 = Release|Any CPU
		{1A86FA33-BF9A-4721-B247-674B580158EE}.Debug|Any CPU.ActiveCfg = Debug|Any CPU
		{1A86FA33-BF9A-4721-B247-674B580158EE}.Debug|Any CPU.Build.0 = Debug|Any CPU
		{1A86FA33-BF9A-4721-B247-674B580158EE}.Release|Any CPU.ActiveCfg = Release|Any CPU
		{1A86FA33-BF9A-4721-B247-674B580158EE}.Release|Any CPU.Build.0 = Release|Any CPU
		{FDC0A16C-1DDE-46F8-989D-9D5399A2422F}.Debug|Any CPU.ActiveCfg = Debug|Any CPU
		{FDC0A16C-1DDE-46F8-989D-9D5399A2422F}.Debug|Any CPU.Build.0 = Debug|Any CPU
		{FDC0A16C-1DDE-46F8-989D-9D5399A2422F}.Release|Any CPU.ActiveCfg = Release|Any CPU
		{FDC0A16C-1DDE-46F8-989D-9D5399A2422F}.Release|Any CPU.Build.0 = Release|Any CPU
		{647AEAC5-18E1-4EF7-AC58-4F16C231639F}.Debug|Any CPU.ActiveCfg = Debug|Any CPU
		{647AEAC5-18E1-4EF7-AC58-4F16C231639F}.Debug|Any CPU.Build.0 = Debug|Any CPU
		{647AEAC5-18E1-4EF7-AC58-4F16C231639F}.Release|Any CPU.ActiveCfg = Release|Any CPU
		{647AEAC5-18E1-4EF7-AC58-4F16C231639F}.Release|Any CPU.Build.0 = Release|Any CPU
	EndGlobalSection
	GlobalSection(SolutionProperties) = preSolution
		HideSolutionNode = FALSE
	EndGlobalSection
	GlobalSection(ExtensibilityGlobals) = postSolution
		SolutionGuid = {A1B56D02-390C-4078-8DC1-B5BBB31DD832}
	EndGlobalSection
EndGlobal
